
Microsoft Visual Studio Solution File, Format Version 12.00
# Visual Studio Version 17
VisualStudioVersion = 17.4.33122.133
MinimumVisualStudioVersion = 10.0.40219.1
Project("{FAE04EC0-301F-11D3-BF4B-00C04F79EFBC}") = "ExerciciosCursoUdemy", "ExerciciosCursoUdemy\ExerciciosCursoUdemy.csproj", "{4CEF8765-E7DC-4849-B80F-38E10D96CA0E}"
EndProject
Global
	GlobalSection(SolutionConfigurationPlatforms) = preSolution
		Debug|Any CPU = Debug|Any CPU
		Release|Any CPU = Release|Any CPU
	EndGlobalSection
	GlobalSection(ProjectConfigurationPlatforms) = postSolution
		{4CEF8765-E7DC-4849-B80F-38E10D96CA0E}.Debug|Any CPU.ActiveCfg = Debug|Any CPU
		{4CEF8765-E7DC-4849-B80F-38E10D96CA0E}.Debug|Any CPU.Build.0 = Debug|Any CPU
		{4CEF8765-E7DC-4849-B80F-38E10D96CA0E}.Release|Any CPU.ActiveCfg = Release|Any CPU
		{4CEF8765-E7DC-4849-B80F-38E10D96CA0E}.Release|Any CPU.Build.0 = Release|Any CPU
	EndGlobalSection
	GlobalSection(SolutionProperties) = preSolution
		HideSolutionNode = FALSE
	EndGlobalSection
	GlobalSection(ExtensibilityGlobals) = postSolution
		SolutionGuid = {6FEE942C-DFFB-4451-A759-5469BC68A25B}
	EndGlobalSection
EndGlobal
